
Microsoft Visual Studio Solution File, Format Version 12.00
Project("{2150E333-8FDC-42A3-9474-1A3956D46DE8}") = "Server", "Server", "{6DA76B42-2D96-4592-9BFE-57527AF5580E}"
EndProject
Project("{FAE04EC0-301F-11D3-BF4B-00C04F79EFBC}") = "Entities", "Entities\Entities.csproj", "{8AE58EA7-18C9-48DC-9666-36AC832C3F42}"
EndProject
Project("{FAE04EC0-301F-11D3-BF4B-00C04F79EFBC}") = "RepositoryContracts", "RepositoryContracts\RepositoryContracts.csproj", "{C28D2E5D-88AC-44D4-AA16-9F6C78BEEDA0}"
EndProject
Project("{FAE04EC0-301F-11D3-BF4B-00C04F79EFBC}") = "CLI", "CLI\CLI.csproj", "{DF33D35C-EE92-489A-818F-414F9EF5D469}"
EndProject
Project("{FAE04EC0-301F-11D3-BF4B-00C04F79EFBC}") = "FileRepository", "FileRepository\FileRepository.csproj", "{98EBEFB3-D318-4913-98AC-C30793F1295E}"
EndProject
Project("{2150E333-8FDC-42A3-9474-1A3956D46DE8}") = "Shared", "Shared", "{AFD6DB7A-6B3A-4B9A-AB8A-1AE91C64F994}"
EndProject
Project("{FAE04EC0-301F-11D3-BF4B-00C04F79EFBC}") = "ApiContracts", "ApiContracts\ApiContracts.csproj", "{355D7165-8C17-44B3-B6F8-080E78F5E882}"
EndProject
Project("{FAE04EC0-301F-11D3-BF4B-00C04F79EFBC}") = "WebAPI", "Server\WebAPI\WebAPI.csproj", "{7A14F3DB-D9C4-472A-B0A7-922F48AF0B57}"
EndProject
Project("{2150E333-8FDC-42A3-9474-1A3956D46DE8}") = "Client", "Client", "{2ADBD0FE-AE15-4238-889C-91C085C0B032}"
EndProject
Project("{FAE04EC0-301F-11D3-BF4B-00C04F79EFBC}") = "BlazorApp", "BlazorApp\BlazorApp.csproj", "{B7F484AA-1DD8-4A53-9483-0874C96A5020}"
EndProject
Global
	GlobalSection(SolutionConfigurationPlatforms) = preSolution
		Debug|Any CPU = Debug|Any CPU
		Release|Any CPU = Release|Any CPU
	EndGlobalSection
	GlobalSection(NestedProjects) = preSolution
		{8AE58EA7-18C9-48DC-9666-36AC832C3F42} = {6DA76B42-2D96-4592-9BFE-57527AF5580E}
		{C28D2E5D-88AC-44D4-AA16-9F6C78BEEDA0} = {6DA76B42-2D96-4592-9BFE-57527AF5580E}
		{DF33D35C-EE92-489A-818F-414F9EF5D469} = {6DA76B42-2D96-4592-9BFE-57527AF5580E}
		{98EBEFB3-D318-4913-98AC-C30793F1295E} = {6DA76B42-2D96-4592-9BFE-57527AF5580E}
		{355D7165-8C17-44B3-B6F8-080E78F5E882} = {AFD6DB7A-6B3A-4B9A-AB8A-1AE91C64F994}
		{7A14F3DB-D9C4-472A-B0A7-922F48AF0B57} = {6DA76B42-2D96-4592-9BFE-57527AF5580E}
		{B7F484AA-1DD8-4A53-9483-0874C96A5020} = {2ADBD0FE-AE15-4238-889C-91C085C0B032}
	EndGlobalSection
	GlobalSection(ProjectConfigurationPlatforms) = postSolution
		{8AE58EA7-18C9-48DC-9666-36AC832C3F42}.Debug|Any CPU.ActiveCfg = Debug|Any CPU
		{8AE58EA7-18C9-48DC-9666-36AC832C3F42}.Debug|Any CPU.Build.0 = Debug|Any CPU
		{8AE58EA7-18C9-48DC-9666-36AC832C3F42}.Release|Any CPU.ActiveCfg = Release|Any CPU
		{8AE58EA7-18C9-48DC-9666-36AC832C3F42}.Release|Any CPU.Build.0 = Release|Any CPU
		{C28D2E5D-88AC-44D4-AA16-9F6C78BEEDA0}.Debug|Any CPU.ActiveCfg = Debug|Any CPU
		{C28D2E5D-88AC-44D4-AA16-9F6C78BEEDA0}.Debug|Any CPU.Build.0 = Debug|Any CPU
		{C28D2E5D-88AC-44D4-AA16-9F6C78BEEDA0}.Release|Any CPU.ActiveCfg = Release|Any CPU
		{C28D2E5D-88AC-44D4-AA16-9F6C78BEEDA0}.Release|Any CPU.Build.0 = Release|Any CPU
		{DF33D35C-EE92-489A-818F-414F9EF5D469}.Debug|Any CPU.ActiveCfg = Debug|Any CPU
		{DF33D35C-EE92-489A-818F-414F9EF5D469}.Debug|Any CPU.Build.0 = Debug|Any CPU
		{DF33D35C-EE92-489A-818F-414F9EF5D469}.Release|Any CPU.ActiveCfg = Release|Any CPU
		{DF33D35C-EE92-489A-818F-414F9EF5D469}.Release|Any CPU.Build.0 = Release|Any CPU
		{98EBEFB3-D318-4913-98AC-C30793F1295E}.Debug|Any CPU.ActiveCfg = Debug|Any CPU
		{98EBEFB3-D318-4913-98AC-C30793F1295E}.Debug|Any CPU.Build.0 = Debug|Any CPU
		{98EBEFB3-D318-4913-98AC-C30793F1295E}.Release|Any CPU.ActiveCfg = Release|Any CPU
		{98EBEFB3-D318-4913-98AC-C30793F1295E}.Release|Any CPU.Build.0 = Release|Any CPU
		{355D7165-8C17-44B3-B6F8-080E78F5E882}.Debug|Any CPU.ActiveCfg = Debug|Any CPU
		{355D7165-8C17-44B3-B6F8-080E78F5E882}.Debug|Any CPU.Build.0 = Debug|Any CPU
		{355D7165-8C17-44B3-B6F8-080E78F5E882}.Release|Any CPU.ActiveCfg = Release|Any CPU
		{355D7165-8C17-44B3-B6F8-080E78F5E882}.Release|Any CPU.Build.0 = Release|Any CPU
		{7A14F3DB-D9C4-472A-B0A7-922F48AF0B57}.Debug|Any CPU.ActiveCfg = Debug|Any CPU
		{7A14F3DB-D9C4-472A-B0A7-922F48AF0B57}.Debug|Any CPU.Build.0 = Debug|Any CPU
		{7A14F3DB-D9C4-472A-B0A7-922F48AF0B57}.Release|Any CPU.ActiveCfg = Release|Any CPU
		{7A14F3DB-D9C4-472A-B0A7-922F48AF0B57}.Release|Any CPU.Build.0 = Release|Any CPU
		{B7F484AA-1DD8-4A53-9483-0874C96A5020}.Debug|Any CPU.ActiveCfg = Debug|Any CPU
		{B7F484AA-1DD8-4A53-9483-0874C96A5020}.Debug|Any CPU.Build.0 = Debug|Any CPU
		{B7F484AA-1DD8-4A53-9483-0874C96A5020}.Release|Any CPU.ActiveCfg = Release|Any CPU
		{B7F484AA-1DD8-4A53-9483-0874C96A5020}.Release|Any CPU.Build.0 = Release|Any CPU
	EndGlobalSection
EndGlobal
